
Microsoft Visual Studio Solution File, Format Version 12.00
# Visual Studio Version 16
VisualStudioVersion = 16.0.32002.261
MinimumVisualStudioVersion = 10.0.40219.1
Project("{FAE04EC0-301F-11D3-BF4B-00C04F79EFBC}") = "DnDPriceConverter", "DnDPriceConverter\DnDPriceConverter.csproj", "{D0CDB5EE-27B8-4F57-A0D3-78485726C97C}"
EndProject
Global
	GlobalSection(SolutionConfigurationPlatforms) = preSolution
		Debug|Any CPU = Debug|Any CPU
		Release|Any CPU = Release|Any CPU
	EndGlobalSection
	GlobalSection(ProjectConfigurationPlatforms) = postSolution
		{D0CDB5EE-27B8-4F57-A0D3-78485726C97C}.Debug|Any CPU.ActiveCfg = Debug|Any CPU
		{D0CDB5EE-27B8-4F57-A0D3-78485726C97C}.Debug|Any CPU.Build.0 = Debug|Any CPU
		{D0CDB5EE-27B8-4F57-A0D3-78485726C97C}.Release|Any CPU.ActiveCfg = Release|Any CPU
		{D0CDB5EE-27B8-4F57-A0D3-78485726C97C}.Release|Any CPU.Build.0 = Release|Any CPU
	EndGlobalSection
	GlobalSection(SolutionProperties) = preSolution
		HideSolutionNode = FALSE
	EndGlobalSection
	GlobalSection(ExtensibilityGlobals) = postSolution
		SolutionGuid = {AD26E632-6958-430A-A0D5-CC2CBFF3C5C2}
	EndGlobalSection
EndGlobal
